Microsoft Visual Studio Solution File, Format Version 11.00
# Visual Studio 2010
Project("{2150E333-8FDC-42A3-9474-1A3956D46DE8}") = "SourceCode", "SourceCode", "{DEB4C520-EF7D-44E6-89B3-4DB45566626F}"
EndProject
Project("{2150E333-8FDC-42A3-9474-1A3956D46DE8}") = "SO", "SO", "{FF9CB383-B6A7-483B-878F-298A544F2D73}"
EndProject
Project("{FAE04EC0-301F-11D3-BF4B-00C04F79EFBC}") = "Server", "Spire\SourceCode\SO\Server\Server.csproj", "{FA032C7D-5366-4F31-9CC5-F288D02832F6}"
EndProject
Project("{2150E333-8FDC-42A3-9474-1A3956D46DE8}") = "Workspace", "Workspace", "{974EF2BB-4004-417A-8F11-9C9A28001EEC}"
EndProject
Project("{FAE04EC0-301F-11D3-BF4B-00C04F79EFBC}") = "ClickSchedule", "Spire\SourceCode\SO\Workspace\ClickSchedule\ClickSchedule.csproj", "{B074E3F2-C3C5-4C3A-B6FD-C2597D5DB4DC}"
EndProject
Project("{2150E333-8FDC-42A3-9474-1A3956D46DE8}") = "CM", "CM", "{A59E27E6-F647-4E3D-AB3F-87B60994B718}"
EndProject
Project("{2150E333-8FDC-42A3-9474-1A3956D46DE8}") = "MTServer", "MTServer", "{26DDE95F-D9B4-4F39-B5A7-5A1240C15EE3}"
EndProject
Project("{2150E333-8FDC-42A3-9474-1A3956D46DE8}") = "WAP", "WAP", "{C27373E7-12E9-40E4-BA6C-5CF02D94E693}"
EndProject
Project("{FAE04EC0-301F-11D3-BF4B-00C04F79EFBC}") = "Web", "Spire\SourceCode\CM\Web\Web.csproj", "{C0DB6A9B-1DAA-4488-A037-C2E94856E5DE}"
EndProject
Project("{2150E333-8FDC-42A3-9474-1A3956D46DE8}") = "ConfigurationFiles", "ConfigurationFiles", "{A73F161C-5AEB-44DA-B23E-EC2974D3FBF7}"
EndProject
Project("{2150E333-8FDC-42A3-9474-1A3956D46DE8}") = "Setup", "Setup", "{35629BC4-66E4-47F4-A8E3-DFF0BFF76AF9}"
EndProject
Project("{54435603-DBB4-11D2-8724-00A0C9A8B90C}") = "PS.Spire.SO.Server.Setup", "Spire\Setup\PS.SO.Server.Setup\PS.SO.Server.Setup.vdproj", "{2451D721-DF67-4862-9FC5-3389B2966E1B}"
EndProject
Project("{54435603-DBB4-11D2-8724-00A0C9A8B90C}") = "PS.Spire.CM.Server.Setup", "Spire\Setup\PS.CM.Server.Setup\PS.CM.Server.Setup.vdproj", "{C0A0AA53-8216-411C-9EAE-2442AD869BE1}"
EndProject
Global
	GlobalSection(SolutionConfigurationPlatforms) = preSolution
		Debug|Any CPU = Debug|Any CPU
		Release|Any CPU = Release|Any CPU
	EndGlobalSection
	GlobalSection(ProjectConfigurationPlatforms) = postSolution
		{FA032C7D-5366-4F31-9CC5-F288D02832F6}.Debug|Any CPU.ActiveCfg = Debug|Any CPU
		{FA032C7D-5366-4F31-9CC5-F288D02832F6}.Debug|Any CPU.Build.0 = Debug|Any CPU
		{FA032C7D-5366-4F31-9CC5-F288D02832F6}.Release|Any CPU.ActiveCfg = Release|Any CPU
		{FA032C7D-5366-4F31-9CC5-F288D02832F6}.Release|Any CPU.Build.0 = Release|Any CPU
		{B074E3F2-C3C5-4C3A-B6FD-C2597D5DB4DC}.Debug|Any CPU.ActiveCfg = Debug|Any CPU
		{B074E3F2-C3C5-4C3A-B6FD-C2597D5DB4DC}.Debug|Any CPU.Build.0 = Debug|Any CPU
		{B074E3F2-C3C5-4C3A-B6FD-C2597D5DB4DC}.Release|Any CPU.ActiveCfg = Release|Any CPU
		{B074E3F2-C3C5-4C3A-B6FD-C2597D5DB4DC}.Release|Any CPU.Build.0 = Release|Any CPU
		{C0DB6A9B-1DAA-4488-A037-C2E94856E5DE}.Debug|Any CPU.ActiveCfg = Debug|Any CPU
		{C0DB6A9B-1DAA-4488-A037-C2E94856E5DE}.Debug|Any CPU.Build.0 = Debug|Any CPU
		{C0DB6A9B-1DAA-4488-A037-C2E94856E5DE}.Release|Any CPU.ActiveCfg = Release|Any CPU
		{C0DB6A9B-1DAA-4488-A037-C2E94856E5DE}.Release|Any CPU.Build.0 = Release|Any CPU
		{2451D721-DF67-4862-9FC5-3389B2966E1B}.Debug|Any CPU.ActiveCfg = Debug
		{2451D721-DF67-4862-9FC5-3389B2966E1B}.Debug|Any CPU.Build.0 = Debug
		{2451D721-DF67-4862-9FC5-3389B2966E1B}.Release|Any CPU.ActiveCfg = Release
		{2451D721-DF67-4862-9FC5-3389B2966E1B}.Release|Any CPU.Build.0 = Release
		{C0A0AA53-8216-411C-9EAE-2442AD869BE1}.Debug|Any CPU.ActiveCfg = Debug
		{C0A0AA53-8216-411C-9EAE-2442AD869BE1}.Debug|Any CPU.Build.0 = Debug
		{C0A0AA53-8216-411C-9EAE-2442AD869BE1}.Release|Any CPU.ActiveCfg = Release
		{C0A0AA53-8216-411C-9EAE-2442AD869BE1}.Release|Any CPU.Build.0 = Release
	EndGlobalSection
	GlobalSection(SolutionProperties) = preSolution
		HideSolutionNode = FALSE
	EndGlobalSection
	GlobalSection(NestedProjects) = preSolution
		{FF9CB383-B6A7-483B-878F-298A544F2D73} = {DEB4C520-EF7D-44E6-89B3-4DB45566626F}
		{A59E27E6-F647-4E3D-AB3F-87B60994B718} = {DEB4C520-EF7D-44E6-89B3-4DB45566626F}
		{FA032C7D-5366-4F31-9CC5-F288D02832F6} = {FF9CB383-B6A7-483B-878F-298A544F2D73}
		{974EF2BB-4004-417A-8F11-9C9A28001EEC} = {FF9CB383-B6A7-483B-878F-298A544F2D73}
		{B074E3F2-C3C5-4C3A-B6FD-C2597D5DB4DC} = {974EF2BB-4004-417A-8F11-9C9A28001EEC}
		{26DDE95F-D9B4-4F39-B5A7-5A1240C15EE3} = {A59E27E6-F647-4E3D-AB3F-87B60994B718}
		{C27373E7-12E9-40E4-BA6C-5CF02D94E693} = {A59E27E6-F647-4E3D-AB3F-87B60994B718}
		{C0DB6A9B-1DAA-4488-A037-C2E94856E5DE} = {A59E27E6-F647-4E3D-AB3F-87B60994B718}
		{2451D721-DF67-4862-9FC5-3389B2966E1B} = {35629BC4-66E4-47F4-A8E3-DFF0BFF76AF9}
		{C0A0AA53-8216-411C-9EAE-2442AD869BE1} = {35629BC4-66E4-47F4-A8E3-DFF0BFF76AF9}
	EndGlobalSection
EndGlobal
